
Microsoft Visual Studio Solution File, Format Version 12.00
# Visual Studio 15
VisualStudioVersion = 15.0.28010.2036
MinimumVisualStudioVersion = 10.0.40219.1
Project("{8BC9CEB8-8B4A-11D0-8D11-00A0C91BC942}") = "HW", "HW\HW.vcxproj", "{62C76546-D532-4B32-B390-6481572DE189}"
EndProject
Global
	GlobalSection(SolutionConfigurationPlatforms) = preSolution
		Debug|x64 = Debug|x64
		Debug|x86 = Debug|x86
		Release|x64 = Release|x64
		Release|x86 = Release|x86
	EndGlobalSection
	GlobalSection(ProjectConfigurationPlatforms) = postSolution
		{62C76546-D532-4B32-B390-6481572DE189}.Debug|x64.ActiveCfg = Debug|x64
		{62C76546-D532-4B32-B390-6481572DE189}.Debug|x64.Build.0 = Debug|x64
		{62C76546-D532-4B32-B390-6481572DE189}.Debug|x86.ActiveCfg = Debug|Win32
		{62C76546-D532-4B32-B390-6481572DE189}.Debug|x86.Build.0 = Debug|Win32
		{62C76546-D532-4B32-B390-6481572DE189}.Release|x64.ActiveCfg = Release|x64
		{62C76546-D532-4B32-B390-6481572DE189}.Release|x64.Build.0 = Release|x64
		{62C76546-D532-4B32-B390-6481572DE189}.Release|x86.ActiveCfg = Release|Win32
		{62C76546-D532-4B32-B390-6481572DE189}.Release|x86.Build.0 = Release|Win32
	EndGlobalSection
	GlobalSection(SolutionProperties) = preSolution
		HideSolutionNode = FALSE
	EndGlobalSection
	GlobalSection(ExtensibilityGlobals) = postSolution
		SolutionGuid = {579080C4-D2E3-46C5-8F9B-D48C06F119D2}
	EndGlobalSection
EndGlobal
