
Microsoft Visual Studio Solution File, Format Version 12.00
# Visual Studio 15
VisualStudioVersion = 15.0.28010.2036
MinimumVisualStudioVersion = 10.0.40219.1
Project("{8BC9CEB8-8B4A-11D0-8D11-00A0C91BC942}") = "HW", "HW\HW.vcxproj", "{42DAF4F6-DFC6-4240-A9E6-A92AF0BDF3FC}"
EndProject
Global
	GlobalSection(SolutionConfigurationPlatforms) = preSolution
		Debug|x64 = Debug|x64
		Debug|x86 = Debug|x86
		Release|x64 = Release|x64
		Release|x86 = Release|x86
	EndGlobalSection
	GlobalSection(ProjectConfigurationPlatforms) = postSolution
		{42DAF4F6-DFC6-4240-A9E6-A92AF0BDF3FC}.Debug|x64.ActiveCfg = Debug|x64
		{42DAF4F6-DFC6-4240-A9E6-A92AF0BDF3FC}.Debug|x64.Build.0 = Debug|x64
		{42DAF4F6-DFC6-4240-A9E6-A92AF0BDF3FC}.Debug|x86.ActiveCfg = Debug|Win32
		{42DAF4F6-DFC6-4240-A9E6-A92AF0BDF3FC}.Debug|x86.Build.0 = Debug|Win32
		{42DAF4F6-DFC6-4240-A9E6-A92AF0BDF3FC}.Release|x64.ActiveCfg = Release|x64
		{42DAF4F6-DFC6-4240-A9E6-A92AF0BDF3FC}.Release|x64.Build.0 = Release|x64
		{42DAF4F6-DFC6-4240-A9E6-A92AF0BDF3FC}.Release|x86.ActiveCfg = Release|Win32
		{42DAF4F6-DFC6-4240-A9E6-A92AF0BDF3FC}.Release|x86.Build.0 = Release|Win32
	EndGlobalSection
	GlobalSection(SolutionProperties) = preSolution
		HideSolutionNode = FALSE
	EndGlobalSection
	GlobalSection(ExtensibilityGlobals) = postSolution
		SolutionGuid = {EF7322FD-55B0-422C-99D9-E939CAA1499B}
	EndGlobalSection
EndGlobal
